{
  "name": "fix-activity-type",
  "version": "1.0.0",
  "lockfileVersion": 3,
  "requires": true,
  "packages": {
    "": {
      "name": "fix-activity-type",
      "version": "1.0.0",
      "license": "ISC",
      "dependencies": {
        "@apify/log": "^2.5.1"
      }
    },
    "node_modules/@apify/consts": {
      "version": "2.27.0",
      "resolved": "https://registry.npmjs.org/@apify/consts/-/consts-2.27.0.tgz",
      "integrity": "sha512-GjaZ74vDmg0XBwN7sY+LxezOP9zWPgKamc97LH2GhZhPz6gFQclKK+PM/uRqBZwWXkyElScz+Nrm4UPX3uSPcg=="
    },
    "node_modules/@apify/log": {
      "version": "2.5.1",
      "resolved": "https://registry.npmjs.org/@apify/log/-/log-2.5.1.tgz",
      "integrity": "sha512-Rtmdow2LlI+ViGhfgpg2K+ntI+5VEaEiLA4vZUCFhJc+TWiVH1T53HhOJS/PKzo4mlKu74HVEcmBb1PK3jWeww==",
      "dependencies": {
        "@apify/consts": "^2.27.0",
        "ansi-colors": "^4.1.1"
      }
    },
    "node_modules/ansi-colors": {
      "version": "4.1.3",
      "resolved": "https://registry.npmjs.org/ansi-colors/-/ansi-colors-4.1.3.tgz",
      "integrity": "sha512-/6w/C21Pm1A7aZitlI5Ni/2J6FFQN8i1Cvz3kHABAAbw93v/NlvKdVOqz7CCWz/3iv/JplRSEEZ83XION15ovw==",
      "engines": {
        "node": ">=6"
      }
    }
  }
}
